vimagination.zapto.org/boolmap v1.0.0 h1:IELceoXi/FkaxHgjWQBGzQE4B0ZGauXySJbuxo+7MkE=
vimagination.zapto.org/boolmap v1.0.0/go.mod h1:DLOTUVFC0RqHAd8t7uWcq682O9c2Il5pbOWEQEveXiA=
vimagination.zapto.org/byteio v1.0.1 h1:p22ga+TiTKQcHELUzSZIdWtfckv8C4GlKVIYo46AFqk=
vimagination.zapto.org/byteio v1.0.1/go.mod h1:/cW+WW89mJiuXV8qy34hxPInzIiq6TW4DEE9GFrp/gI=
vimagination.zapto.org/memio v1.0.0 h1:r0GDf430aNuGpOAV57UTvbUzAf82UclRyGG/pBp1uvU=
vimagination.zapto.org/memio v1.0.0/go.mod h1:zHGDKp2tyvF4IAfLti4pKYqCJucXYmmKMb3UMrCHK/4=
